
Microsoft Visual Studio Solution File, Format Version 12.00
# Visual Studio Version 16
VisualStudioVersion = 16.0.29728.190
MinimumVisualStudioVersion = 10.0.40219.1
Project("{FAE04EC0-301F-11D3-BF4B-00C04F79EFBC}") = "Tanks", "Tanks\Tanks.csproj", "{27FB1146-7C00-4DE0-B1B3-7BB93BEB2C58}"
EndProject
Global
	GlobalSection(SolutionConfigurationPlatforms) = preSolution
		Debug|Any CPU = Debug|Any CPU
		Release|Any CPU = Release|Any CPU
	EndGlobalSection
	GlobalSection(ProjectConfigurationPlatforms) = postSolution
		{27FB1146-7C00-4DE0-B1B3-7BB93BEB2C58}.Debug|Any CPU.ActiveCfg = Debug|Any CPU
		{27FB1146-7C00-4DE0-B1B3-7BB93BEB2C58}.Debug|Any CPU.Build.0 = Debug|Any CPU
		{27FB1146-7C00-4DE0-B1B3-7BB93BEB2C58}.Release|Any CPU.ActiveCfg = Release|Any CPU
		{27FB1146-7C00-4DE0-B1B3-7BB93BEB2C58}.Release|Any CPU.Build.0 = Release|Any CPU
	EndGlobalSection
	GlobalSection(SolutionProperties) = preSolution
		HideSolutionNode = FALSE
	EndGlobalSection
	GlobalSection(ExtensibilityGlobals) = postSolution
		SolutionGuid = {FF62074D-C5EB-4721-9C82-7900611CCA6F}
	EndGlobalSection
EndGlobal
